{
  "nodes": {
    "abstruct": {
      "inputs": {
        "blyph": "blyph",
        "nixpkgs": [
          "nixpkgs"
        ]
      },
      "locked": {
        "lastModified": 1785614662,
        "narHash": "sha256-bxwtghnzfp/daxxG4awk0XDP88YJKc5f/EaX5aPAvm0=",
        "ref": "refs/heads/main",
        "rev": "4e32224c540a4b9fb93852d3d33aff36f3f346d1",
        "revCount": 7,
        "type": "git",
        "url": "https://codeberg.org/axseem/abstruct.git"
      },
      "original": {
        "type": "git",
        "url": "https://codeberg.org/axseem/abstruct.git"
      }
    },
    "blyph": {
      "inputs": {
        "nixpkgs": [
          "nixpkgs"
        ]
      },
      "locked": {
        "lastModified": 1785095075,
        "narHash": "sha256-Mbc7JY4+kyyVrQ/D9XX55x3IR07USlgAoqkf+qvdpgQ=",
        "ref": "refs/heads/main",
        "rev": "f777502d89a2e66819ab61ea0767ffd9a45e50f4",
        "revCount": 2,
        "type": "git",
        "url": "https://codeberg.org/axseem/blyph.git"
      },
      "original": {
        "type": "git",
        "url": "https://codeberg.org/axseem/blyph.git"
      }
    },
    "flake-compat": {
      "flake": false,
      "locked": {
        "lastModified": 1767039857,
        "narHash": "sha256-vNpUSpF5Nuw8xvDLj2KCwwksIbjua2LZCqhV1LNRDns=",
        "owner": "NixOS",
        "repo": "flake-compat",
        "rev": "5edf11c44bc78a0d334f6334cdaf7d60d732daab",
        "type": "github"
      },
      "original": {
        "owner": "NixOS",
        "repo": "flake-compat",
        "type": "github"
      }
    },
    "freecad-pkgs": {
      "locked": {
        "lastModified": 1782959384,
        "narHash": "sha256-xnJJk+ct+D2+wdRxj1wk36w5zV9RVESwRqcklPdt3fM=",
        "owner": "NixOS",
        "repo": "nixpkgs",
        "rev": "65179426c83bb3f6bc14898b42ea1c6f01d374b0",
        "type": "github"
      },
      "original": {
        "owner": "NixOS",
        "repo": "nixpkgs",
        "rev": "65179426c83bb3f6bc14898b42ea1c6f01d374b0",
        "type": "github"
      }
    },
    "home-manager": {
      "inputs": {
        "nixpkgs": [
          "nixpkgs"
        ]
      },
      "locked": {
        "lastModified": 1785239295,
        "narHash": "sha256-aYFoftXjm7Df7CAoR0XoMQjJ9rTZ/l9d1jr9EqD7sHM=",
        "owner": "nix-community",
        "repo": "home-manager",
        "rev": "42bb40f7aaab63a107b64a20c4a4ade6550758d0",
        "type": "github"
      },
      "original": {
        "owner": "nix-community",
        "repo": "home-manager",
        "type": "github"
      }
    },
    "iosevka-unambiguous": {
      "inputs": {
        "nixpkgs": [
          "nixpkgs"
        ]
      },
      "locked": {
        "lastModified": 1772631655,
        "narHash": "sha256-MIVqIK2ps+mV1Nwu+c+arwogxoBwg7EMpUVFp7xC8pc=",
        "ref": "refs/heads/main",
        "rev": "20596856315aef72f418300faef10cc8a5750191",
        "revCount": 2,
        "type": "git",
        "url": "https://codeberg.org/axseem/iosevka-unambiguous"
      },
      "original": {
        "type": "git",
        "url": "https://codeberg.org/axseem/iosevka-unambiguous"
      }
    },
    "nix-darwin": {
      "inputs": {
        "nixpkgs": [
          "nixpkgs"
        ]
      },
      "locked": {
        "lastModified": 1784500460,
        "narHash": "sha256-UvORnAxTRHax7RG74W8Z2t4GvIkX6AjJ5kk0QlwZomo=",
        "owner": "LnL7",
        "repo": "nix-darwin",
        "rev": "57a3171f94705599a2499248ca5758d5eb47c0e0",
        "type": "github"
      },
      "original": {
        "owner": "LnL7",
        "repo": "nix-darwin",
        "type": "github"
      }
    },
    "nix-flatpak": {
      "locked": {
        "lastModified": 1783368811,
        "narHash": "sha256-0H8jDwR4Kegb3heaTrH1ftbgKfZVDT8JE+46uXxDy/Q=",
        "owner": "gmodena",
        "repo": "nix-flatpak",
        "rev": "20d42f0ee98c9fe9f85e8d1de474f1409ed10d05",
        "type": "github"
      },
      "original": {
        "owner": "gmodena",
        "repo": "nix-flatpak",
        "type": "github"
      }
    },
    "nixCats": {
      "locked": {
        "lastModified": 1764009888,
        "narHash": "sha256-hJekfTiW1792txgRSM4LcHnz1lDSY87LYbsJEn2V378=",
        "owner": "BirdeeHub",
        "repo": "nixCats-nvim",
        "rev": "16ac3281f322ea15d39843829e42a44d22da3715",
        "type": "github"
      },
      "original": {
        "owner": "BirdeeHub",
        "repo": "nixCats-nvim",
        "type": "github"
      }
    },
    "nixos-hardware": {
      "inputs": {
        "nixpkgs": "nixpkgs"
      },
      "locked": {
        "lastModified": 1785232496,
        "narHash": "sha256-65EQYIRRpTdpH8lUiB6Mvo5uBkG60aBIzAJuALfx+O0=",
        "owner": "NixOS",
        "repo": "nixos-hardware",
        "rev": "2e790b0a6be8ec2b76174ac0931b8ff11919ec98",
        "type": "github"
      },
      "original": {
        "owner": "NixOS",
        "ref": "master",
        "repo": "nixos-hardware",
        "type": "github"
      }
    },
    "nixpkgs": {
      "locked": {
        "lastModified": 1767892417,
        "narHash": "sha256-8bW3q88CEg2u4hSP66Vf4lpbLonHz7hqDNBMcCY7E9U=",
        "rev": "3497aa5c9457a9d88d71fa93a4a8368816fbeeba",
        "type": "tarball",
        "url": "https://releases.nixos.org/nixos/unstable/nixos-26.05pre924538.3497aa5c9457/nixexprs.tar.xz"
      },
      "original": {
        "type": "tarball",
        "url": "https://channels.nixos.org/nixos-unstable/nixexprs.tar.xz"
      }
    },
    "nixpkgs_2": {
      "locked": {
        "lastModified": 1785090369,
        "narHash": "sha256-m0pDuRJG7EDo9ri+4Ksu83VsI+PlxNC9lNBfydejce4=",
        "owner": "NixOS",
        "repo": "nixpkgs",
        "rev": "624af665418d3c65d544145b4d34ad696439570e",
        "type": "github"
      },
      "original": {
        "owner": "NixOS",
        "ref": "nixos-unstable",
        "repo": "nixpkgs",
        "type": "github"
      }
    },
    "nvim": {
      "inputs": {
        "nixCats": "nixCats",
        "nixpkgs": [
          "nvim-stable-pkgs"
        ]
      },
      "locked": {
        "lastModified": 1783528554,
        "narHash": "sha256-7sK4YHPH3NzcMi0XxQx87jq8lCKv+VJYWk0vPG4Fph8=",
        "owner": "axseem",
        "repo": "nvim",
        "rev": "c6fee51806f26d7943de94f594004493951f3ee4",
        "type": "github"
      },
      "original": {
        "owner": "axseem",
        "repo": "nvim",
        "type": "github"
      }
    },
    "nvim-stable-pkgs": {
      "locked": {
        "lastModified": 1769105483,
        "narHash": "sha256-cC4W6KDq3942hk4zyoDWYOvb/9lvlsPZbrdlTj9hsxw=",
        "owner": "NixOS",
        "repo": "nixpkgs",
        "rev": "70801e06d9730c4f1704fbd3bbf5b8e11c03a2a7",
        "type": "github"
      },
      "original": {
        "owner": "NixOS",
        "repo": "nixpkgs",
        "rev": "70801e06d9730c4f1704fbd3bbf5b8e11c03a2a7",
        "type": "github"
      }
    },
    "opencode-config": {
      "inputs": {
        "home-manager": [
          "home-manager"
        ],
        "nixpkgs": [
          "nixpkgs"
        ],
        "opencode-source": "opencode-source",
        "token-trim": "token-trim"
      },
      "locked": {
        "lastModified": 1784922358,
        "narHash": "sha256-yLnjrLDmnqbLgjpd52qD8sH3ffU5ZRF3vhukP+rFfCc=",
        "ref": "refs/heads/main",
        "rev": "2f522d591ae97e06f7de18d4086c091ed58dc913",
        "revCount": 14,
        "type": "git",
        "url": "https://codeberg.org/axseem/opencode-config"
      },
      "original": {
        "type": "git",
        "url": "https://codeberg.org/axseem/opencode-config"
      }
    },
    "opencode-source": {
      "flake": false,
      "locked": {
        "lastModified": 1784531346,
        "narHash": "sha256-ywKuog9oiZpxJSqLCd+7oGmKetjFcMxuDlZUkdOGPt8=",
        "owner": "anomalyco",
        "repo": "opencode",
        "rev": "a19b52e85bf2630b86157030e2cf7c9fc20ce552",
        "type": "github"
      },
      "original": {
        "owner": "anomalyco",
        "repo": "opencode",
        "type": "github"
      }
    },
    "pre-commit-hooks": {
      "inputs": {
        "flake-compat": "flake-compat",
        "nixpkgs": [
          "nixpkgs"
        ]
      },
      "locked": {
        "lastModified": 1784288435,
        "narHash": "sha256-ReRHaLgr/uVqdD8afFSn+myXIfpHeOhP0yYe0TJqAA8=",
        "owner": "cachix",
        "repo": "pre-commit-hooks.nix",
        "rev": "43b3c1ab9d40fb1dbb008f451988a91e375825e9",
        "type": "github"
      },
      "original": {
        "owner": "cachix",
        "repo": "pre-commit-hooks.nix",
        "type": "github"
      }
    },
    "root": {
      "inputs": {
        "abstruct": "abstruct",
        "freecad-pkgs": "freecad-pkgs",
        "home-manager": "home-manager",
        "iosevka-unambiguous": "iosevka-unambiguous",
        "nix-darwin": "nix-darwin",
        "nix-flatpak": "nix-flatpak",
        "nixos-hardware": "nixos-hardware",
        "nixpkgs": "nixpkgs_2",
        "nvim": "nvim",
        "nvim-stable-pkgs": "nvim-stable-pkgs",
        "opencode-config": "opencode-config",
        "pre-commit-hooks": "pre-commit-hooks"
      }
    },
    "token-trim": {
      "inputs": {
        "nixpkgs": [
          "opencode-config",
          "nixpkgs"
        ]
      },
      "locked": {
        "lastModified": 1784797984,
        "narHash": "sha256-TSa3ZYTGacvrnaPoBu0sd6U3zJ1bHD5Rfd3YPpt29rM=",
        "ref": "refs/heads/main",
        "rev": "67214a1dcebb20c882710f4489159cd0f781da85",
        "revCount": 4,
        "type": "git",
        "url": "https://codeberg.org/axseem/opencode-token-trim"
      },
      "original": {
        "type": "git",
        "url": "https://codeberg.org/axseem/opencode-token-trim"
      }
    }
  },
  "root": "root",
  "version": 7
}
