{
  "nodes": {
    "abstruct": {
      "inputs": {
        "blyph": "blyph",
        "nixpkgs": [
          "nixpkgs"
        ]
      },
      "locked": {
        "lastModified": 1786042495,
        "narHash": "sha256-eAub8fZFFBifN20Oep8e0PXGNXpYzwCOn4hN0hlk+kI=",
        "ref": "refs/heads/main",
        "rev": "b07a1f509f62f64a5126961a446c9b169aa719d1",
        "revCount": 10,
        "type": "git",
        "url": "https://codeberg.org/axseem/abstruct.git"
      },
      "original": {
        "type": "git",
        "url": "https://codeberg.org/axseem/abstruct.git"
      }
    },
    "blyph": {
      "inputs": {
        "nixpkgs": [
          "nixpkgs"
        ]
      },
      "locked": {
        "lastModified": 1785095075,
        "narHash": "sha256-Mbc7JY4+kyyVrQ/D9XX55x3IR07USlgAoqkf+qvdpgQ=",
        "ref": "refs/heads/main",
        "rev": "f777502d89a2e66819ab61ea0767ffd9a45e50f4",
        "revCount": 2,
        "type": "git",
        "url": "https://codeberg.org/axseem/blyph.git"
      },
      "original": {
        "type": "git",
        "url": "https://codeberg.org/axseem/blyph.git"
      }
    },
    "flake-compat": {
      "flake": false,
      "locked": {
        "lastModified": 1767039857,
        "narHash": "sha256-vNpUSpF5Nuw8xvDLj2KCwwksIbjua2LZCqhV1LNRDns=",
        "owner": "NixOS",
        "repo": "flake-compat",
        "rev": "5edf11c44bc78a0d334f6334cdaf7d60d732daab",
        "type": "github"
      },
      "original": {
        "owner": "NixOS",
        "repo": "flake-compat",
        "type": "github"
      }
    },
    "harness": {
      "inputs": {
        "nixpkgs": [
          "nixpkgs"
        ]
      },
      "locked": {
        "lastModified": 1791479020,
        "narHash": "sha256-Bnt3QJI08fl/VPRnnsWz53OwwLDWLhQdJBeYminqKp4=",
        "ref": "refs/heads/main",
        "rev": "318df7d2b7d03cad20deb6eff16a6a26377185a1",
        "revCount": 72,
        "type": "git",
        "url": "ssh://git@github.com/axseem/harness.git"
      },
      "original": {
        "type": "git",
        "url": "ssh://git@github.com/axseem/harness.git"
      }
    },
    "home-manager": {
      "inputs": {
        "nixpkgs": [
          "nixpkgs"
        ]
      },
      "locked": {
        "lastModified": 1789099078,
        "narHash": "sha256-zzHj2wl69724lzx7DLAVziWbL75wRIk+xJ3duD0Bgrc=",
        "owner": "nix-community",
        "repo": "home-manager",
        "rev": "f10b3f2ad4aae9259617a1ff518cc921e3394228",
        "type": "github"
      },
      "original": {
        "owner": "nix-community",
        "repo": "home-manager",
        "type": "github"
      }
    },
    "nix-darwin": {
      "inputs": {
        "nixpkgs": [
          "nixpkgs"
        ]
      },
      "locked": {
        "lastModified": 1786845137,
        "narHash": "sha256-oQFip+v0luP8NIxJzmiW4Wu8bILsbFWom5l0zonl8hQ=",
        "owner": "LnL7",
        "repo": "nix-darwin",
        "rev": "4cff07de74b50e64bdd68cd4e722ab5b6b35ee48",
        "type": "github"
      },
      "original": {
        "owner": "LnL7",
        "repo": "nix-darwin",
        "type": "github"
      }
    },
    "nixCats": {
      "locked": {
        "lastModified": 1787720571,
        "narHash": "sha256-jvoTU61m2p2knJMIvDwWqkhf5CrmKCkiCO0KR3GIryw=",
        "owner": "BirdeeHub",
        "repo": "nixCats-nvim",
        "rev": "8fcebab53bfe800b963e8db5e28b63baa65850d3",
        "type": "github"
      },
      "original": {
        "owner": "BirdeeHub",
        "repo": "nixCats-nvim",
        "type": "github"
      }
    },
    "nixos-hardware": {
      "inputs": {
        "nixpkgs": [
          "nixpkgs"
        ]
      },
      "locked": {
        "lastModified": 1788942796,
        "narHash": "sha256-CLoJCCRi9sogsyGXYn8rOCWBLKAntfKUB9Rli/YXgEY=",
        "owner": "NixOS",
        "repo": "nixos-hardware",
        "rev": "83bbc895120516d6e86885a188c04beced6535d9",
        "type": "github"
      },
      "original": {
        "owner": "NixOS",
        "ref": "master",
        "repo": "nixos-hardware",
        "type": "github"
      }
    },
    "nixpkgs": {
      "locked": {
        "lastModified": 1789006805,
        "narHash": "sha256-xB8mKMOx1IA9vTDNLmJZ6n4wCMq/cuWBBOzGCRnqxrU=",
        "owner": "NixOS",
        "repo": "nixpkgs",
        "rev": "8ce4ef6cb6f871616146b9fe26d2a5ae594e94fe",
        "type": "github"
      },
      "original": {
        "owner": "NixOS",
        "ref": "nixos-unstable",
        "repo": "nixpkgs",
        "type": "github"
      }
    },
    "nvim": {
      "inputs": {
        "nixCats": "nixCats",
        "nixpkgs": [
          "nixpkgs"
        ]
      },
      "locked": {
        "lastModified": 1783528554,
        "narHash": "sha256-7sK4YHPH3NzcMi0XxQx87jq8lCKv+VJYWk0vPG4Fph8=",
        "owner": "axseem",
        "repo": "nvim",
        "rev": "c6fee51806f26d7943de94f594004493951f3ee4",
        "type": "github"
      },
      "original": {
        "owner": "axseem",
        "repo": "nvim",
        "type": "github"
      }
    },
    "opencode-config": {
      "inputs": {
        "home-manager": [
          "home-manager"
        ],
        "nixpkgs": [
          "nixpkgs"
        ],
        "opencode-source": "opencode-source"
      },
      "locked": {
        "lastModified": 1790625606,
        "narHash": "sha256-nR46AW5BtS1aiRLrYoiKnbfgRYsgxAlwRgOECjLaB8k=",
        "ref": "refs/heads/main",
        "rev": "c558f832693f7482417e2964aec613bcf85d1c62",
        "revCount": 65,
        "type": "git",
        "url": "https://codeberg.org/axseem/opencode-config"
      },
      "original": {
        "type": "git",
        "url": "https://codeberg.org/axseem/opencode-config"
      }
    },
    "opencode-source": {
      "flake": false,
      "locked": {
        "lastModified": 1790380652,
        "narHash": "sha256-QyzzA9SUnnCunYucJPjZAw/EkUN1EKoDcrFalIOYVps=",
        "owner": "anomalyco",
        "repo": "opencode",
        "rev": "cd9a14a6b688d4021bee381dfd39d2cef9c0f862",
        "type": "github"
      },
      "original": {
        "owner": "anomalyco",
        "ref": "v2.0.18",
        "repo": "opencode",
        "type": "github"
      }
    },
    "pre-commit-hooks": {
      "inputs": {
        "flake-compat": "flake-compat",
        "nixpkgs": [
          "nixpkgs"
        ]
      },
      "locked": {
        "lastModified": 1788267358,
        "narHash": "sha256-nt+lUqYVpc9Y6JeMd2WmXzCDojasdadKo0mWcluvY2Y=",
        "owner": "cachix",
        "repo": "pre-commit-hooks.nix",
        "rev": "27555e2624241fb116b49095df4caaee85a25691",
        "type": "github"
      },
      "original": {
        "owner": "cachix",
        "repo": "pre-commit-hooks.nix",
        "type": "github"
      }
    },
    "root": {
      "inputs": {
        "abstruct": "abstruct",
        "harness": "harness",
        "home-manager": "home-manager",
        "nix-darwin": "nix-darwin",
        "nixos-hardware": "nixos-hardware",
        "nixpkgs": "nixpkgs",
        "nvim": "nvim",
        "opencode-config": "opencode-config",
        "pre-commit-hooks": "pre-commit-hooks"
      }
    }
  },
  "root": "root",
  "version": 7
}
